// !$*UTF8*$!
{
	archiveVersion = 1;
	classes = {
	};
	objectVersion = 46;
	objects = {

/* Begin PBXBuildFile section */
		3100BEC91E013D22006DBE6D /* ImageViewerVC.m in Sources */ = {isa = PBXBuildFile; fileRef = 3100BEC81E013D22006DBE6D /* ImageViewerVC.m */; };
		3100BECC1E013D9F006DBE6D /* ImageViewerVCMainView.m in Sources */ = {isa = PBXBuildFile; fileRef = 3100BECB1E013D9F006DBE6D /* ImageViewerVCMainView.m */; };
		3100BECF1E0145CC006DBE6D /* ImageDownloader.m in Sources */ = {isa = PBXBuildFile; fileRef = 3100BECE1E0145CC006DBE6D /* ImageDownloader.m */; };
		3100BED31E0148D2006DBE6D /* ImageViewerViewModel.m in Sources */ = {isa = PBXBuildFile; fileRef = 3100BED21E0148D2006DBE6D /* ImageViewerViewModel.m */; };
		3115D5971E03FD6F0046A484 /* coredata.xcdatamodel in Sources */ = {isa = PBXBuildFile; fileRef = 3115D5961E03FD6F0046A484 /* coredata.xcdatamodel */; };
		3115D5C41E040A1E0046A484 /* NewsItemCD+CoreDataClass.m in Sources */ = {isa = PBXBuildFile; fileRef = 3115D5C11E040A1E0046A484 /* NewsItemCD+CoreDataClass.m */; };
		3115D5C51E040A1E0046A484 /* NewsItemCD+CoreDataProperties.m in Sources */ = {isa = PBXBuildFile; fileRef = 3115D5C31E040A1E0046A484 /* NewsItemCD+CoreDataProperties.m */; };
		31162C7A1DF8527A00AD1DAA /* FeedView.m in Sources */ = {isa = PBXBuildFile; fileRef = 31162C791DF8527A00AD1DAA /* FeedView.m */; };
		31162C7E1DF86C2C00AD1DAA /* CustomTableViewCell.m in Sources */ = {isa = PBXBuildFile; fileRef = 31162C7D1DF86C2C00AD1DAA /* CustomTableViewCell.m */; };
		31573FBF1DFAF81900882D43 /* FeedViewDetailVC.m in Sources */ = {isa = PBXBuildFile; fileRef = 31573FBE1DFAF81900882D43 /* FeedViewDetailVC.m */; };
		31573FC31DFAF86B00882D43 /* FeedDetailViewModel.m in Sources */ = {isa = PBXBuildFile; fileRef = 31573FC21DFAF86B00882D43 /* FeedDetailViewModel.m */; };
		31573FC61DFE9D6E00882D43 /* UITraitCollection+MKAdditions.m in Sources */ = {isa = PBXBuildFile; fileRef = 31573FC51DFE9D6E00882D43 /* UITraitCollection+MKAdditions.m */; };
		31573FCA1DFEE79700882D43 /* FeedViewDetailMainView.m in Sources */ = {isa = PBXBuildFile; fileRef = 31573FC91DFEE79700882D43 /* FeedViewDetailMainView.m */; };
		31C22C0B1DFFF234003453E9 /* Localizable.strings in Resources */ = {isa = PBXBuildFile; fileRef = 31C22C0D1DFFF234003453E9 /* Localizable.strings */; };
		31C22C111DFFFF23003453E9 /* Localizable.stringsdict in Resources */ = {isa = PBXBuildFile; fileRef = 31C22C131DFFFF23003453E9 /* Localizable.stringsdict */; };
		31D1D3001DF9738F00A3D615 /* FeedViewModel.m in Sources */ = {isa = PBXBuildFile; fileRef = 31D1D2FF1DF9738F00A3D615 /* FeedViewModel.m */; };
		31DCD2591DF6BA9C003601C8 /* main.m in Sources */ = {isa = PBXBuildFile; fileRef = 31DCD2581DF6BA9C003601C8 /* main.m */; };
		31DCD25C1DF6BA9C003601C8 /* AppDelegate.m in Sources */ = {isa = PBXBuildFile; fileRef = 31DCD25B1DF6BA9C003601C8 /* AppDelegate.m */; };
		31DCD25F1DF6BA9C003601C8 /* FeedViewController.m in Sources */ = {isa = PBXBuildFile; fileRef = 31DCD25E1DF6BA9C003601C8 /* FeedViewController.m */; };
		31DCD2641DF6BA9C003601C8 /* Assets.xcassets in Resources */ = {isa = PBXBuildFile; fileRef = 31DCD2631DF6BA9C003601C8 /* Assets.xcassets */; };
		31DCD2701DF6F0C2003601C8 /* Fetcher.m in Sources */ = {isa = PBXBuildFile; fileRef = 31DCD26F1DF6F0C2003601C8 /* Fetcher.m */; };
		31DCD2731DF727E3003601C8 /* AllNews.m in Sources */ = {isa = PBXBuildFile; fileRef = 31DCD2721DF727E3003601C8 /* AllNews.m */; };
		31DCD2761DF72814003601C8 /* NewsItem.m in Sources */ = {isa = PBXBuildFile; fileRef = 31DCD2751DF72814003601C8 /* NewsItem.m */; };
		D25937DB7759E38E80EFD4F0 /* libPods-RSSFeed.a in Frameworks */ = {isa = PBXBuildFile; fileRef = B066D06058C77C28A308B4C8 /* libPods-RSSFeed.a */; };
/* End PBXBuildFile section */

/* Begin PBXFileReference section */
		23EC7013D2B7D79C364A7BA7 /* Pods-RSSFeed.debug.xcconfig */ = {isa = PBXFileReference; includeInIndex = 1; lastKnownFileType = text.xcconfig; name = "Pods-RSSFeed.debug.xcconfig"; path = "Pods/Target Support Files/Pods-RSSFeed/Pods-RSSFeed.debug.xcconfig"; sourceTree = "<group>"; };
		3100BEC71E013D22006DBE6D /* ImageViewerVC.h */ = {isa = PBXFileReference; fileEncoding = 4; lastKnownFileType = sourcecode.c.h; path = ImageViewerVC.h; sourceTree = "<group>"; };
		3100BEC81E013D22006DBE6D /* ImageViewerVC.m */ = {isa = PBXFileReference; fileEncoding = 4; lastKnownFileType = sourcecode.c.objc; path = ImageViewerVC.m; sourceTree = "<group>"; };
		3100BECA1E013D9F006DBE6D /* ImageViewerVCMainView.h */ = {isa = PBXFileReference; fileEncoding = 4; lastKnownFileType = sourcecode.c.h; path = ImageViewerVCMainView.h; sourceTree = "<group>"; };
		3100BECB1E013D9F006DBE6D /* ImageViewerVCMainView.m */ = {isa = PBXFileReference; fileEncoding = 4; lastKnownFileType = sourcecode.c.objc; path = ImageViewerVCMainView.m; sourceTree = "<group>"; };
		3100BECD1E0145CC006DBE6D /* ImageDownloader.h */ = {isa = PBXFileReference; fileEncoding = 4; lastKnownFileType = sourcecode.c.h; path = ImageDownloader.h; sourceTree = "<group>"; };
		3100BECE1E0145CC006DBE6D /* ImageDownloader.m */ = {isa = PBXFileReference; fileEncoding = 4; lastKnownFileType = sourcecode.c.objc; path = ImageDownloader.m; sourceTree = "<group>"; };
		3100BED11E0148D2006DBE6D /* ImageViewerViewModel.h */ = {isa = PBXFileReference; fileEncoding = 4; lastKnownFileType = sourcecode.c.h; path = ImageViewerViewModel.h; sourceTree = "<group>"; };
		3100BED21E0148D2006DBE6D /* ImageViewerViewModel.m */ = {isa = PBXFileReference; fileEncoding = 4; lastKnownFileType = sourcecode.c.objc; path = ImageViewerViewModel.m; sourceTree = "<group>"; };
		3115D5961E03FD6F0046A484 /* coredata.xcdatamodel */ = {isa = PBXFileReference; lastKnownFileType = wrapper.xcdatamodel; path = coredata.xcdatamodel; sourceTree = "<group>"; };
		3115D5C01E040A1E0046A484 /* NewsItemCD+CoreDataClass.h */ = {isa = PBXFileReference; fileEncoding = 4; lastKnownFileType = sourcecode.c.h; path = "NewsItemCD+CoreDataClass.h"; sourceTree = "<group>"; };
		3115D5C11E040A1E0046A484 /* NewsItemCD+CoreDataClass.m */ = {isa = PBXFileReference; fileEncoding = 4; lastKnownFileType = sourcecode.c.objc; path = "NewsItemCD+CoreDataClass.m"; sourceTree = "<group>"; };
		3115D5C21E040A1E0046A484 /* NewsItemCD+CoreDataProperties.h */ = {isa = PBXFileReference; fileEncoding = 4; lastKnownFileType = sourcecode.c.h; path = "NewsItemCD+CoreDataProperties.h"; sourceTree = "<group>"; };
		3115D5C31E040A1E0046A484 /* NewsItemCD+CoreDataProperties.m */ = {isa = PBXFileReference; fileEncoding = 4; lastKnownFileType = sourcecode.c.objc; path = "NewsItemCD+CoreDataProperties.m"; sourceTree = "<group>"; };
		31162C781DF8527A00AD1DAA /* FeedView.h */ = {isa = PBXFileReference; fileEncoding = 4; lastKnownFileType = sourcecode.c.h; path = FeedView.h; sourceTree = "<group>"; };
		31162C791DF8527A00AD1DAA /* FeedView.m */ = {isa = PBXFileReference; fileEncoding = 4; lastKnownFileType = sourcecode.c.objc; path = FeedView.m; sourceTree = "<group>"; };
		31162C7C1DF86C2C00AD1DAA /* CustomTableViewCell.h */ = {isa = PBXFileReference; fileEncoding = 4; lastKnownFileType = sourcecode.c.h; path = CustomTableViewCell.h; sourceTree = "<group>"; };
		31162C7D1DF86C2C00AD1DAA /* CustomTableViewCell.m */ = {isa = PBXFileReference; fileEncoding = 4; lastKnownFileType = sourcecode.c.objc; path = CustomTableViewCell.m; sourceTree = "<group>"; };
		31573FBD1DFAF81900882D43 /* FeedViewDetailVC.h */ = {isa = PBXFileReference; fileEncoding = 4; lastKnownFileType = sourcecode.c.h; path = FeedViewDetailVC.h; sourceTree = "<group>"; };
		31573FBE1DFAF81900882D43 /* FeedViewDetailVC.m */ = {isa = PBXFileReference; fileEncoding = 4; lastKnownFileType = sourcecode.c.objc; path = FeedViewDetailVC.m; sourceTree = "<group>"; };
		31573FC11DFAF86B00882D43 /* FeedDetailViewModel.h */ = {isa = PBXFileReference; fileEncoding = 4; lastKnownFileType = sourcecode.c.h; path = FeedDetailViewModel.h; sourceTree = "<group>"; };
		31573FC21DFAF86B00882D43 /* FeedDetailViewModel.m */ = {isa = PBXFileReference; fileEncoding = 4; lastKnownFileType = sourcecode.c.objc; path = FeedDetailViewModel.m; sourceTree = "<group>"; };
		31573FC41DFE9D6E00882D43 /* UITraitCollection+MKAdditions.h */ = {isa = PBXFileReference; fileEncoding = 4; lastKnownFileType = sourcecode.c.h; path = "UITraitCollection+MKAdditions.h"; sourceTree = "<group>"; };
		31573FC51DFE9D6E00882D43 /* UITraitCollection+MKAdditions.m */ = {isa = PBXFileReference; fileEncoding = 4; lastKnownFileType = sourcecode.c.objc; path = "UITraitCollection+MKAdditions.m"; sourceTree = "<group>"; };
		31573FC81DFEE79700882D43 /* FeedViewDetailMainView.h */ = {isa = PBXFileReference; fileEncoding = 4; lastKnownFileType = sourcecode.c.h; path = FeedViewDetailMainView.h; sourceTree = "<group>"; };
		31573FC91DFEE79700882D43 /* FeedViewDetailMainView.m */ = {isa = PBXFileReference; fileEncoding = 4; lastKnownFileType = sourcecode.c.objc; path = FeedViewDetailMainView.m; sourceTree = "<group>"; };
		31C22C0C1DFFF234003453E9 /* Base */ = {isa = PBXFileReference; lastKnownFileType = text.plist.strings; name = Base; path = Base.lproj/Localizable.strings; sourceTree = "<group>"; };
		31C22C0E1DFFF243003453E9 /* ar */ = {isa = PBXFileReference; lastKnownFileType = text.plist.strings; name = ar; path = ar.lproj/Localizable.strings; sourceTree = "<group>"; };
		31C22C121DFFFF23003453E9 /* Base */ = {isa = PBXFileReference; lastKnownFileType = text.plist.stringsdict; name = Base; path = Base.lproj/Localizable.stringsdict; sourceTree = "<group>"; };
		31C22C151DFFFF3A003453E9 /* ar */ = {isa = PBXFileReference; lastKnownFileType = text.plist.stringsdict; name = ar; path = ar.lproj/Localizable.stringsdict; sourceTree = "<group>"; };
		31D1D2FE1DF9738F00A3D615 /* FeedViewModel.h */ = {isa = PBXFileReference; fileEncoding = 4; lastKnownFileType = sourcecode.c.h; path = FeedViewModel.h; sourceTree = "<group>"; };
		31D1D2FF1DF9738F00A3D615 /* FeedViewModel.m */ = {isa = PBXFileReference; fileEncoding = 4; lastKnownFileType = sourcecode.c.objc; path = FeedViewModel.m; sourceTree = "<group>"; };
		31DCD2541DF6BA9C003601C8 /* RSSFeed.app */ = {isa = PBXFileReference; explicitFileType = wrapper.application; includeInIndex = 0; path = RSSFeed.app; sourceTree = BUILT_PRODUCTS_DIR; };
		31DCD2581DF6BA9C003601C8 /* main.m */ = {isa = PBXFileReference; lastKnownFileType = sourcecode.c.objc; path = main.m; sourceTree = "<group>"; };
		31DCD25A1DF6BA9C003601C8 /* AppDelegate.h */ = {isa = PBXFileReference; lastKnownFileType = sourcecode.c.h; path = AppDelegate.h; sourceTree = "<group>"; };
		31DCD25B1DF6BA9C003601C8 /* AppDelegate.m */ = {isa = PBXFileReference; lastKnownFileType = sourcecode.c.objc; path = AppDelegate.m; sourceTree = "<group>"; };
		31DCD25D1DF6BA9C003601C8 /* FeedViewController.h */ = {isa = PBXFileReference; lastKnownFileType = sourcecode.c.h; path = FeedViewController.h; sourceTree = "<group>"; };
		31DCD25E1DF6BA9C003601C8 /* FeedViewController.m */ = {isa = PBXFileReference; lastKnownFileType = sourcecode.c.objc; path = FeedViewController.m; sourceTree = "<group>"; };
		31DCD2631DF6BA9C003601C8 /* Assets.xcassets */ = {isa = PBXFileReference; lastKnownFileType = folder.assetcatalog; path = Assets.xcassets; sourceTree = "<group>"; };
		31DCD2681DF6BA9C003601C8 /* Info.plist */ = {isa = PBXFileReference; lastKnownFileType = text.plist.xml; path = Info.plist; sourceTree = "<group>"; };
		31DCD26E1DF6F0C2003601C8 /* Fetcher.h */ = {isa = PBXFileReference; fileEncoding = 4; lastKnownFileType = sourcecode.c.h; path = Fetcher.h; sourceTree = "<group>"; };
		31DCD26F1DF6F0C2003601C8 /* Fetcher.m */ = {isa = PBXFileReference; fileEncoding = 4; lastKnownFileType = sourcecode.c.objc; path = Fetcher.m; sourceTree = "<group>"; };
		31DCD2711DF727E3003601C8 /* AllNews.h */ = {isa = PBXFileReference; fileEncoding = 4; lastKnownFileType = sourcecode.c.h; path = AllNews.h; sourceTree = "<group>"; };
		31DCD2721DF727E3003601C8 /* AllNews.m */ = {isa = PBXFileReference; fileEncoding = 4; lastKnownFileType = sourcecode.c.objc; path = AllNews.m; sourceTree = "<group>"; };
		31DCD2741DF72814003601C8 /* NewsItem.h */ = {isa = PBXFileReference; fileEncoding = 4; lastKnownFileType = sourcecode.c.h; path = NewsItem.h; sourceTree = "<group>"; };
		31DCD2751DF72814003601C8 /* NewsItem.m */ = {isa = PBXFileReference; fileEncoding = 4; lastKnownFileType = sourcecode.c.objc; path = NewsItem.m; sourceTree = "<group>"; };
		B066D06058C77C28A308B4C8 /* libPods-RSSFeed.a */ = {isa = PBXFileReference; explicitFileType = archive.ar; includeInIndex = 0; path = "libPods-RSSFeed.a"; sourceTree = BUILT_PRODUCTS_DIR; };
		DBDEC2432B6DD45B01CB24F3 /* Pods-RSSFeed.release.xcconfig */ = {isa = PBXFileReference; includeInIndex = 1; lastKnownFileType = text.xcconfig; name = "Pods-RSSFeed.release.xcconfig"; path = "Pods/Target Support Files/Pods-RSSFeed/Pods-RSSFeed.release.xcconfig"; sourceTree = "<group>"; };
/* End PBXFileReference section */

/* Begin PBXFrameworksBuildPhase section */
		31DCD2511DF6BA9C003601C8 /* Frameworks */ = {
			isa = PBXFrameworksBuildPhase;
			buildActionMask = 2147483647;
			files = (
				D25937DB7759E38E80EFD4F0 /* libPods-RSSFeed.a in Frameworks */,
			);
			runOnlyForDeploymentPostprocessing = 0;
		};
/* End PBXFrameworksBuildPhase section */

/* Begin PBXGroup section */
		3100BEC61E00311A006DBE6D /* Image Viewer VC  */ = {
			isa = PBXGroup;
			children = (
				3100BEC71E013D22006DBE6D /* ImageViewerVC.h */,
				3100BEC81E013D22006DBE6D /* ImageViewerVC.m */,
				3100BECA1E013D9F006DBE6D /* ImageViewerVCMainView.h */,
				3100BECB1E013D9F006DBE6D /* ImageViewerVCMainView.m */,
				3100BED11E0148D2006DBE6D /* ImageViewerViewModel.h */,
				3100BED21E0148D2006DBE6D /* ImageViewerViewModel.m */,
			);
			name = "Image Viewer VC ";
			sourceTree = "<group>";
		};
		3100BED01E0145D0006DBE6D /* Singletons */ = {
			isa = PBXGroup;
			children = (
				3100BECD1E0145CC006DBE6D /* ImageDownloader.h */,
				3100BECE1E0145CC006DBE6D /* ImageDownloader.m */,
			);
			name = Singletons;
			sourceTree = "<group>";
		};
		3115D59E1E03FFCA0046A484 /* Core Data */ = {
			isa = PBXGroup;
			children = (
				3115D5C01E040A1E0046A484 /* NewsItemCD+CoreDataClass.h */,
				3115D5C11E040A1E0046A484 /* NewsItemCD+CoreDataClass.m */,
				3115D5C21E040A1E0046A484 /* NewsItemCD+CoreDataProperties.h */,
				3115D5C31E040A1E0046A484 /* NewsItemCD+CoreDataProperties.m */,
			);
			name = "Core Data";
			sourceTree = "<group>";
		};
		31573FC01DFAF82700882D43 /* Feed Detail VC */ = {
			isa = PBXGroup;
			children = (
				3100BEC61E00311A006DBE6D /* Image Viewer VC  */,
				31573FBD1DFAF81900882D43 /* FeedViewDetailVC.h */,
				31573FBE1DFAF81900882D43 /* FeedViewDetailVC.m */,
				31573FC81DFEE79700882D43 /* FeedViewDetailMainView.h */,
				31573FC91DFEE79700882D43 /* FeedViewDetailMainView.m */,
				31573FC11DFAF86B00882D43 /* FeedDetailViewModel.h */,
				31573FC21DFAF86B00882D43 /* FeedDetailViewModel.m */,
			);
			name = "Feed Detail VC";
			sourceTree = "<group>";
		};
		31573FC71DFE9D8000882D43 /* Categories */ = {
			isa = PBXGroup;
			children = (
				31573FC41DFE9D6E00882D43 /* UITraitCollection+MKAdditions.h */,
				31573FC51DFE9D6E00882D43 /* UITraitCollection+MKAdditions.m */,
			);
			name = Categories;
			sourceTree = "<group>";
		};
		317AC1A31DF835BD001645FC /* Fetcher */ = {
			isa = PBXGroup;
			children = (
				31DCD26E1DF6F0C2003601C8 /* Fetcher.h */,
				31DCD26F1DF6F0C2003601C8 /* Fetcher.m */,
			);
			name = Fetcher;
			sourceTree = "<group>";
		};
		317AC1A41DF835C4001645FC /* Model */ = {
			isa = PBXGroup;
			children = (
				31DCD2711DF727E3003601C8 /* AllNews.h */,
				31DCD2721DF727E3003601C8 /* AllNews.m */,
				31DCD2741DF72814003601C8 /* NewsItem.h */,
				31DCD2751DF72814003601C8 /* NewsItem.m */,
			);
			name = Model;
			sourceTree = "<group>";
		};
		317AC1A51DF835CD001645FC /* Feed VC */ = {
			isa = PBXGroup;
			children = (
				31DCD25D1DF6BA9C003601C8 /* FeedViewController.h */,
				31DCD25E1DF6BA9C003601C8 /* FeedViewController.m */,
				31162C781DF8527A00AD1DAA /* FeedView.h */,
				31162C791DF8527A00AD1DAA /* FeedView.m */,
				31D1D2FE1DF9738F00A3D615 /* FeedViewModel.h */,
				31D1D2FF1DF9738F00A3D615 /* FeedViewModel.m */,
				31162C7C1DF86C2C00AD1DAA /* CustomTableViewCell.h */,
				31162C7D1DF86C2C00AD1DAA /* CustomTableViewCell.m */,
			);
			name = "Feed VC";
			sourceTree = "<group>";
		};
		31DCD24B1DF6BA9C003601C8 = {
			isa = PBXGroup;
			children = (
				31DCD2561DF6BA9C003601C8 /* RSSFeed */,
				31DCD2551DF6BA9C003601C8 /* Products */,
				E05DA0454B3C425DEA4F6FF2 /* Pods */,
				A57304EF9F45E8588A156F61 /* Frameworks */,
			);
			sourceTree = "<group>";
		};
		31DCD2551DF6BA9C003601C8 /* Products */ = {
			isa = PBXGroup;
			children = (
				31DCD2541DF6BA9C003601C8 /* RSSFeed.app */,
			);
			name = Products;
			sourceTree = "<group>";
		};
		31DCD2561DF6BA9C003601C8 /* RSSFeed */ = {
			isa = PBXGroup;
			children = (
				3100BED01E0145D0006DBE6D /* Singletons */,
				31573FC71DFE9D8000882D43 /* Categories */,
				31573FC01DFAF82700882D43 /* Feed Detail VC */,
				317AC1A51DF835CD001645FC /* Feed VC */,
				317AC1A31DF835BD001645FC /* Fetcher */,
				317AC1A41DF835C4001645FC /* Model */,
				3115D59E1E03FFCA0046A484 /* Core Data */,
				31DCD2571DF6BA9C003601C8 /* Supporting Files */,
			);
			path = RSSFeed;
			sourceTree = "<group>";
		};
		31DCD2571DF6BA9C003601C8 /* Supporting Files */ = {
			isa = PBXGroup;
			children = (
				31DCD25A1DF6BA9C003601C8 /* AppDelegate.h */,
				31DCD25B1DF6BA9C003601C8 /* AppDelegate.m */,
				3115D5961E03FD6F0046A484 /* coredata.xcdatamodel */,
				31DCD2631DF6BA9C003601C8 /* Assets.xcassets */,
				31DCD2681DF6BA9C003601C8 /* Info.plist */,
				31C22C131DFFFF23003453E9 /* Localizable.stringsdict */,
				31C22C0D1DFFF234003453E9 /* Localizable.strings */,
				31DCD2581DF6BA9C003601C8 /* main.m */,
			);
			name = "Supporting Files";
			sourceTree = "<group>";
		};
		A57304EF9F45E8588A156F61 /* Frameworks */ = {
			isa = PBXGroup;
			children = (
				B066D06058C77C28A308B4C8 /* libPods-RSSFeed.a */,
			);
			name = Frameworks;
			sourceTree = "<group>";
		};
		E05DA0454B3C425DEA4F6FF2 /* Pods */ = {
			isa = PBXGroup;
			children = (
				23EC7013D2B7D79C364A7BA7 /* Pods-RSSFeed.debug.xcconfig */,
				DBDEC2432B6DD45B01CB24F3 /* Pods-RSSFeed.release.xcconfig */,
			);
			name = Pods;
			sourceTree = "<group>";
		};
/* End PBXGroup section */

/* Begin PBXNativeTarget section */
		31DCD2531DF6BA9C003601C8 /* RSSFeed */ = {
			isa = PBXNativeTarget;
			buildConfigurationList = 31DCD26B1DF6BA9C003601C8 /* Build configuration list for PBXNativeTarget "RSSFeed" */;
			buildPhases = (
				651CE25AC8F29731816CE900 /* [CP] Check Pods Manifest.lock */,
				31DCD2501DF6BA9C003601C8 /* Sources */,
				31DCD2511DF6BA9C003601C8 /* Frameworks */,
				31DCD2521DF6BA9C003601C8 /* Resources */,
				6B197F3BE8FBD97DE940E1BB /* [CP] Embed Pods Frameworks */,
				F5C093EED6A30E20B0F5152A /* [CP] Copy Pods Resources */,
			);
			buildRules = (
			);
			dependencies = (
			);
			name = RSSFeed;
			productName = RSSFeed;
			productReference = 31DCD2541DF6BA9C003601C8 /* RSSFeed.app */;
			productType = "com.apple.product-type.application";
		};
/* End PBXNativeTarget section */

/* Begin PBXProject section */
		31DCD24C1DF6BA9C003601C8 /* Project object */ = {
			isa = PBXProject;
			attributes = {
				LastUpgradeCheck = 0810;
				ORGANIZATIONNAME = "Vladysalv Vyshnevksyy";
				TargetAttributes = {
					31DCD2531DF6BA9C003601C8 = {
						CreatedOnToolsVersion = 8.1;
						DevelopmentTeam = 5HYBF2ZF8V;
						ProvisioningStyle = Automatic;
					};
				};
			};
			buildConfigurationList = 31DCD24F1DF6BA9C003601C8 /* Build configuration list for PBXProject "RSSFeed" */;
			compatibilityVersion = "Xcode 3.2";
			developmentRegion = English;
			hasScannedForEncodings = 0;
			knownRegions = (
				en,
				Base,
				ar,
			);
			mainGroup = 31DCD24B1DF6BA9C003601C8;
			productRefGroup = 31DCD2551DF6BA9C003601C8 /* Products */;
			projectDirPath = "";
			projectRoot = "";
			targets = (
				31DCD2531DF6BA9C003601C8 /* RSSFeed */,
			);
		};
/* End PBXProject section */

/* Begin PBXResourcesBuildPhase section */
		31DCD2521DF6BA9C003601C8 /* Resources */ = {
			isa = PBXResourcesBuildPhase;
			buildActionMask = 2147483647;
			files = (
				31DCD2641DF6BA9C003601C8 /* Assets.xcassets in Resources */,
				31C22C0B1DFFF234003453E9 /* Localizable.strings in Resources */,
				31C22C111DFFFF23003453E9 /* Localizable.stringsdict in Resources */,
			);
			runOnlyForDeploymentPostprocessing = 0;
		};
/* End PBXResourcesBuildPhase section */

/* Begin PBXShellScriptBuildPhase section */
		651CE25AC8F29731816CE900 /* [CP] Check Pods Manifest.lock */ = {
			isa = PBXShellScriptBuildPhase;
			buildActionMask = 2147483647;
			files = (
			);
			inputPaths = (
			);
			name = "[CP] Check Pods Manifest.lock";
			outputPaths = (
			);
			runOnlyForDeploymentPostprocessing = 0;
			shellPath = /bin/sh;
			shellScript = "diff \"${PODS_ROOT}/../Podfile.lock\" \"${PODS_ROOT}/Manifest.lock\" > /dev/null\nif [ $? != 0 ] ; then\n    # print error to STDERR\n    echo \"error: The sandbox is not in sync with the Podfile.lock. Run 'pod install' or update your CocoaPods installation.\" >&2\n    exit 1\nfi\n";
			showEnvVarsInLog = 0;
		};
		6B197F3BE8FBD97DE940E1BB /* [CP] Embed Pods Frameworks */ = {
			isa = PBXShellScriptBuildPhase;
			buildActionMask = 2147483647;
			files = (
			);
			inputPaths = (
			);
			name = "[CP] Embed Pods Frameworks";
			outputPaths = (
			);
			runOnlyForDeploymentPostprocessing = 0;
			shellPath = /bin/sh;
			shellScript = "\"${SRCROOT}/Pods/Target Support Files/Pods-RSSFeed/Pods-RSSFeed-frameworks.sh\"\n";
			showEnvVarsInLog = 0;
		};
		F5C093EED6A30E20B0F5152A /* [CP] Copy Pods Resources */ = {
			isa = PBXShellScriptBuildPhase;
			buildActionMask = 2147483647;
			files = (
			);
			inputPaths = (
			);
			name = "[CP] Copy Pods Resources";
			outputPaths = (
			);
			runOnlyForDeploymentPostprocessing = 0;
			shellPath = /bin/sh;
			shellScript = "\"${SRCROOT}/Pods/Target Support Files/Pods-RSSFeed/Pods-RSSFeed-resources.sh\"\n";
			showEnvVarsInLog = 0;
		};
/* End PBXShellScriptBuildPhase section */

/* Begin PBXSourcesBuildPhase section */
		31DCD2501DF6BA9C003601C8 /* Sources */ = {
			isa = PBXSourcesBuildPhase;
			buildActionMask = 2147483647;
			files = (
				31573FBF1DFAF81900882D43 /* FeedViewDetailVC.m in Sources */,
				31162C7A1DF8527A00AD1DAA /* FeedView.m in Sources */,
				3100BEC91E013D22006DBE6D /* ImageViewerVC.m in Sources */,
				31DCD25F1DF6BA9C003601C8 /* FeedViewController.m in Sources */,
				31162C7E1DF86C2C00AD1DAA /* CustomTableViewCell.m in Sources */,
				31DCD2701DF6F0C2003601C8 /* Fetcher.m in Sources */,
				3100BECC1E013D9F006DBE6D /* ImageViewerVCMainView.m in Sources */,
				31DCD25C1DF6BA9C003601C8 /* AppDelegate.m in Sources */,
				31573FC61DFE9D6E00882D43 /* UITraitCollection+MKAdditions.m in Sources */,
				31D1D3001DF9738F00A3D615 /* FeedViewModel.m in Sources */,
				31DCD2761DF72814003601C8 /* NewsItem.m in Sources */,
				31DCD2591DF6BA9C003601C8 /* main.m in Sources */,
				3100BED31E0148D2006DBE6D /* ImageViewerViewModel.m in Sources */,
				31573FCA1DFEE79700882D43 /* FeedViewDetailMainView.m in Sources */,
				31573FC31DFAF86B00882D43 /* FeedDetailViewModel.m in Sources */,
				3115D5971E03FD6F0046A484 /* coredata.xcdatamodel in Sources */,
				3115D5C51E040A1E0046A484 /* NewsItemCD+CoreDataProperties.m in Sources */,
				3100BECF1E0145CC006DBE6D /* ImageDownloader.m in Sources */,
				3115D5C41E040A1E0046A484 /* NewsItemCD+CoreDataClass.m in Sources */,
				31DCD2731DF727E3003601C8 /* AllNews.m in Sources */,
			);
			runOnlyForDeploymentPostprocessing = 0;
		};
/* End PBXSourcesBuildPhase section */

/* Begin PBXVariantGroup section */
		31C22C0D1DFFF234003453E9 /* Localizable.strings */ = {
			isa = PBXVariantGroup;
			children = (
				31C22C0C1DFFF234003453E9 /* Base */,
				31C22C0E1DFFF243003453E9 /* ar */,
			);
			name = Localizable.strings;
			sourceTree = "<group>";
		};
		31C22C131DFFFF23003453E9 /* Localizable.stringsdict */ = {
			isa = PBXVariantGroup;
			children = (
				31C22C121DFFFF23003453E9 /* Base */,
				31C22C151DFFFF3A003453E9 /* ar */,
			);
			name = Localizable.stringsdict;
			sourceTree = "<group>";
		};
/* End PBXVariantGroup section */

/* Begin XCBuildConfiguration section */
		31DCD2691DF6BA9C003601C8 /* Debug */ = {
			isa = XCBuildConfiguration;
			buildSettings = {
				ALWAYS_SEARCH_USER_PATHS = NO;
				CLANG_ANALYZER_LOCALIZABILITY_NONLOCALIZED = YES;
				CLANG_ANALYZER_NONNULL = YES;
				CLANG_CXX_LANGUAGE_STANDARD = "gnu++0x";
				CLANG_CXX_LIBRARY = "libc++";
				CLANG_ENABLE_MODULES = YES;
				CLANG_ENABLE_OBJC_ARC = YES;
				CLANG_WARN_BOOL_CONVERSION = YES;
				CLANG_WARN_CONSTANT_CONVERSION = YES;
				CLANG_WARN_DIRECT_OBJC_ISA_USAGE = YES_ERROR;
				CLANG_WARN_DOCUMENTATION_COMMENTS = YES;
				CLANG_WARN_EMPTY_BODY = YES;
				CLANG_WARN_ENUM_CONVERSION = YES;
				CLANG_WARN_INFINITE_RECURSION = YES;
				CLANG_WARN_INT_CONVERSION = YES;
				CLANG_WARN_OBJC_ROOT_CLASS = YES_ERROR;
				CLANG_WARN_SUSPICIOUS_MOVE = YES;
				CLANG_WARN_SUSPICIOUS_MOVES = YES;
				CLANG_WARN_UNREACHABLE_CODE = YES;
				CLANG_WARN__DUPLICATE_METHOD_MATCH = YES;
				"CODE_SIGN_IDENTITY[sdk=iphoneos*]" = "iPhone Developer";
				COPY_PHASE_STRIP = NO;
				DEBUG_INFORMATION_FORMAT = dwarf;
				ENABLE_STRICT_OBJC_MSGSEND = YES;
				ENABLE_TESTABILITY = YES;
				GCC_C_LANGUAGE_STANDARD = gnu99;
				GCC_DYNAMIC_NO_PIC = NO;
				GCC_NO_COMMON_BLOCKS = YES;
				GCC_OPTIMIZATION_LEVEL = 0;
				GCC_PREPROCESSOR_DEFINITIONS = (
					"DEBUG=1",
					"$(inherited)",
				);
				GCC_WARN_64_TO_32_BIT_CONVERSION = YES;
				GCC_WARN_ABOUT_RETURN_TYPE = YES_ERROR;
				GCC_WARN_UNDECLARED_SELECTOR = YES;
				GCC_WARN_UNINITIALIZED_AUTOS = YES_AGGRESSIVE;
				GCC_WARN_UNUSED_FUNCTION = YES;
				GCC_WARN_UNUSED_VARIABLE = YES;
				IPHONEOS_DEPLOYMENT_TARGET = 10.1;
				MTL_ENABLE_DEBUG_INFO = YES;
				ONLY_ACTIVE_ARCH = YES;
				SDKROOT = iphoneos;
				TARGETED_DEVICE_FAMILY = "1,2";
			};
			name = Debug;
		};
		31DCD26A1DF6BA9C003601C8 /* Release */ = {
			isa = XCBuildConfiguration;
			buildSettings = {
				ALWAYS_SEARCH_USER_PATHS = NO;
				CLANG_ANALYZER_LOCALIZABILITY_NONLOCALIZED = YES;
				CLANG_ANALYZER_NONNULL = YES;
				CLANG_CXX_LANGUAGE_STANDARD = "gnu++0x";
				CLANG_CXX_LIBRARY = "libc++";
				CLANG_ENABLE_MODULES = YES;
				CLANG_ENABLE_OBJC_ARC = YES;
				CLANG_WARN_BOOL_CONVERSION = YES;
				CLANG_WARN_CONSTANT_CONVERSION = YES;
				CLANG_WARN_DIRECT_OBJC_ISA_USAGE = YES_ERROR;
				CLANG_WARN_DOCUMENTATION_COMMENTS = YES;
				CLANG_WARN_EMPTY_BODY = YES;
				CLANG_WARN_ENUM_CONVERSION = YES;
				CLANG_WARN_INFINITE_RECURSION = YES;
				CLANG_WARN_INT_CONVERSION = YES;
				CLANG_WARN_OBJC_ROOT_CLASS = YES_ERROR;
				CLANG_WARN_SUSPICIOUS_MOVE = YES;
				CLANG_WARN_SUSPICIOUS_MOVES = YES;
				CLANG_WARN_UNREACHABLE_CODE = YES;
				CLANG_WARN__DUPLICATE_METHOD_MATCH = YES;
				"CODE_SIGN_IDENTITY[sdk=iphoneos*]" = "iPhone Developer";
				COPY_PHASE_STRIP = NO;
				DEBUG_INFORMATION_FORMAT = "dwarf-with-dsym";
				ENABLE_NS_ASSERTIONS = NO;
				ENABLE_STRICT_OBJC_MSGSEND = YES;
				GCC_C_LANGUAGE_STANDARD = gnu99;
				GCC_NO_COMMON_BLOCKS = YES;
				GCC_WARN_64_TO_32_BIT_CONVERSION = YES;
				GCC_WARN_ABOUT_RETURN_TYPE = YES_ERROR;
				GCC_WARN_UNDECLARED_SELECTOR = YES;
				GCC_WARN_UNINITIALIZED_AUTOS = YES_AGGRESSIVE;
				GCC_WARN_UNUSED_FUNCTION = YES;
				GCC_WARN_UNUSED_VARIABLE = YES;
				IPHONEOS_DEPLOYMENT_TARGET = 10.1;
				MTL_ENABLE_DEBUG_INFO = NO;
				SDKROOT = iphoneos;
				TARGETED_DEVICE_FAMILY = "1,2";
				VALIDATE_PRODUCT = YES;
			};
			name = Release;
		};
		31DCD26C1DF6BA9C003601C8 /* Debug */ = {
			isa = XCBuildConfiguration;
			baseConfigurationReference = 23EC7013D2B7D79C364A7BA7 /* Pods-RSSFeed.debug.xcconfig */;
			buildSettings = {
				ASSETCATALOG_COMPILER_APPICON_NAME = AppIcon;
				"CODE_SIGN_IDENTITY[sdk=iphoneos*]" = "iPhone Developer";
				DEVELOPMENT_TEAM = 5HYBF2ZF8V;
				INFOPLIST_FILE = RSSFeed/Info.plist;
				LD_RUNPATH_SEARCH_PATHS = "$(inherited) @executable_path/Frameworks";
				PRODUCT_BUNDLE_IDENTIFIER = com.VV.RSSFeed;
				PRODUCT_NAME = "$(TARGET_NAME)";
			};
			name = Debug;
		};
		31DCD26D1DF6BA9C003601C8 /* Release */ = {
			isa = XCBuildConfiguration;
			baseConfigurationReference = DBDEC2432B6DD45B01CB24F3 /* Pods-RSSFeed.release.xcconfig */;
			buildSettings = {
				ASSETCATALOG_COMPILER_APPICON_NAME = AppIcon;
				"CODE_SIGN_IDENTITY[sdk=iphoneos*]" = "iPhone Developer";
				DEVELOPMENT_TEAM = 5HYBF2ZF8V;
				INFOPLIST_FILE = RSSFeed/Info.plist;
				LD_RUNPATH_SEARCH_PATHS = "$(inherited) @executable_path/Frameworks";
				PRODUCT_BUNDLE_IDENTIFIER = com.VV.RSSFeed;
				PRODUCT_NAME = "$(TARGET_NAME)";
			};
			name = Release;
		};
/* End XCBuildConfiguration section */

/* Begin XCConfigurationList section */
		31DCD24F1DF6BA9C003601C8 /* Build configuration list for PBXProject "RSSFeed" */ = {
			isa = XCConfigurationList;
			buildConfigurations = (
				31DCD2691DF6BA9C003601C8 /* Debug */,
				31DCD26A1DF6BA9C003601C8 /* Release */,
			);
			defaultConfigurationIsVisible = 0;
			defaultConfigurationName = Release;
		};
		31DCD26B1DF6BA9C003601C8 /* Build configuration list for PBXNativeTarget "RSSFeed" */ = {
			isa = XCConfigurationList;
			buildConfigurations = (
				31DCD26C1DF6BA9C003601C8 /* Debug */,
				31DCD26D1DF6BA9C003601C8 /* Release */,
			);
			defaultConfigurationIsVisible = 0;
			defaultConfigurationName = Release;
		};
/* End XCConfigurationList section */
	};
	rootObject = 31DCD24C1DF6BA9C003601C8 /* Project object */;
}
